
Microsoft Visual Studio Solution File, Format Version 12.00
# Visual Studio Version 16
VisualStudioVersion = 16.0.30320.27
MinimumVisualStudioVersion = 10.0.40219.1
Project("{FAE04EC0-301F-11D3-BF4B-00C04F79EFBC}") = "MaxMyMoney", "MaxMyMoney.csproj", "{135128AF-865D-471A-AE99-DB4A14BB0992}"
EndProject
Global
	GlobalSection(SolutionConfigurationPlatforms) = preSolution
		Debug|Any CPU = Debug|Any CPU
		Release|Any CPU = Release|Any CPU
	EndGlobalSection
	GlobalSection(ProjectConfigurationPlatforms) = postSolution
		{135128AF-865D-471A-AE99-DB4A14BB0992}.Debug|Any CPU.ActiveCfg = Debug|Any CPU
		{135128AF-865D-471A-AE99-DB4A14BB0992}.Debug|Any CPU.Build.0 = Debug|Any CPU
		{135128AF-865D-471A-AE99-DB4A14BB0992}.Release|Any CPU.ActiveCfg = Release|Any CPU
		{135128AF-865D-471A-AE99-DB4A14BB0992}.Release|Any CPU.Build.0 = Release|Any CPU
	EndGlobalSection
	GlobalSection(SolutionProperties) = preSolution
		HideSolutionNode = FALSE
	EndGlobalSection
	GlobalSection(ExtensibilityGlobals) = postSolution
		SolutionGuid = {36024B06-53A9-433D-91CD-B69FC68D2FC1}
	EndGlobalSection
EndGlobal
